
Microsoft Visual Studio Solution File, Format Version 12.00
# Visual Studio Version 17
VisualStudioVersion = 17.5.002.0
MinimumVisualStudioVersion = 10.0.40219.1
Project("{9A19103F-16F7-4668-BE54-9A1E7A4F7556}") = "ClientSide", "ClientSide.csproj", "{A38CCB68-9423-41BC-984C-D73AF9A32386}"
EndProject
Global
	GlobalSection(SolutionConfigurationPlatforms) = preSolution
		Debug|Any CPU = Debug|Any CPU
		Release|Any CPU = Release|Any CPU
	EndGlobalSection
	GlobalSection(ProjectConfigurationPlatforms) = postSolution
		{A38CCB68-9423-41BC-984C-D73AF9A32386}.Debug|Any CPU.ActiveCfg = Debug|Any CPU
		{A38CCB68-9423-41BC-984C-D73AF9A32386}.Debug|Any CPU.Build.0 = Debug|Any CPU
		{A38CCB68-9423-41BC-984C-D73AF9A32386}.Release|Any CPU.ActiveCfg = Release|Any CPU
		{A38CCB68-9423-41BC-984C-D73AF9A32386}.Release|Any CPU.Build.0 = Release|Any CPU
	EndGlobalSection
	GlobalSection(SolutionProperties) = preSolution
		HideSolutionNode = FALSE
	EndGlobalSection
	GlobalSection(ExtensibilityGlobals) = postSolution
		SolutionGuid = {C09CF71A-16C0-43C3-8F35-92BFC5DD9694}
	EndGlobalSection
EndGlobal
